
Microsoft Visual Studio Solution File, Format Version 12.00
# Visual Studio Version 16
VisualStudioVersion = 16.0.31205.134
MinimumVisualStudioVersion = 10.0.40219.1
Project("{9A19103F-16F7-4668-BE54-9A1E7A4F7556}") = "modulo1", "modulo1\modulo1.csproj", "{7C4019E0-1207-4980-8447-84B0A3396357}"
EndProject
Project("{9A19103F-16F7-4668-BE54-9A1E7A4F7556}") = "modulo2", "modulo2\modulo2.csproj", "{4999A87C-76E6-4106-A00F-E0590CB722C6}"
EndProject
Project("{9A19103F-16F7-4668-BE54-9A1E7A4F7556}") = "modulo3", "modulo3\modulo3.csproj", "{57032BB2-2B6C-4C0A-9C64-07EE911DDBB2}"
EndProject
Project("{9A19103F-16F7-4668-BE54-9A1E7A4F7556}") = "modulo4", "modulo4\modulo4.csproj", "{7B0E5B39-459F-4ADE-94D1-FD53625CD449}"
EndProject
Global
	GlobalSection(SolutionConfigurationPlatforms) = preSolution
		Debug|Any CPU = Debug|Any CPU
		Release|Any CPU = Release|Any CPU
	EndGlobalSection
	GlobalSection(ProjectConfigurationPlatforms) = postSolution
		{7C4019E0-1207-4980-8447-84B0A3396357}.Debug|Any CPU.ActiveCfg = Debug|Any CPU
		{7C4019E0-1207-4980-8447-84B0A3396357}.Debug|Any CPU.Build.0 = Debug|Any CPU
		{7C4019E0-1207-4980-8447-84B0A3396357}.Release|Any CPU.ActiveCfg = Release|Any CPU
		{7C4019E0-1207-4980-8447-84B0A3396357}.Release|Any CPU.Build.0 = Release|Any CPU
		{4999A87C-76E6-4106-A00F-E0590CB722C6}.Debug|Any CPU.ActiveCfg = Debug|Any CPU
		{4999A87C-76E6-4106-A00F-E0590CB722C6}.Debug|Any CPU.Build.0 = Debug|Any CPU
		{4999A87C-76E6-4106-A00F-E0590CB722C6}.Release|Any CPU.ActiveCfg = Release|Any CPU
		{4999A87C-76E6-4106-A00F-E0590CB722C6}.Release|Any CPU.Build.0 = Release|Any CPU
		{57032BB2-2B6C-4C0A-9C64-07EE911DDBB2}.Debug|Any CPU.ActiveCfg = Debug|Any CPU
		{57032BB2-2B6C-4C0A-9C64-07EE911DDBB2}.Debug|Any CPU.Build.0 = Debug|Any CPU
		{57032BB2-2B6C-4C0A-9C64-07EE911DDBB2}.Release|Any CPU.ActiveCfg = Release|Any CPU
		{57032BB2-2B6C-4C0A-9C64-07EE911DDBB2}.Release|Any CPU.Build.0 = Release|Any CPU
		{7B0E5B39-459F-4ADE-94D1-FD53625CD449}.Debug|Any CPU.ActiveCfg = Debug|Any CPU
		{7B0E5B39-459F-4ADE-94D1-FD53625CD449}.Debug|Any CPU.Build.0 = Debug|Any CPU
		{7B0E5B39-459F-4ADE-94D1-FD53625CD449}.Release|Any CPU.ActiveCfg = Release|Any CPU
		{7B0E5B39-459F-4ADE-94D1-FD53625CD449}.Release|Any CPU.Build.0 = Release|Any CPU
	EndGlobalSection
	GlobalSection(SolutionProperties) = preSolution
		HideSolutionNode = FALSE
	EndGlobalSection
	GlobalSection(ExtensibilityGlobals) = postSolution
		SolutionGuid = {EFAF5340-1EE1-4D4E-842F-D927725B7045}
	EndGlobalSection
EndGlobal
